
Microsoft Visual Studio Solution File, Format Version 12.00
# Visual Studio Version 17
VisualStudioVersion = 17.11.35303.130
MinimumVisualStudioVersion = 10.0.40219.1
Project("{8BC9CEB8-8B4A-11D0-8D11-00A0C91BC942}") = "Exo22", "Exo22.vcxproj", "{843ED986-75E2-4E80-B0A9-B388A5B78B31}"
EndProject
Global
	GlobalSection(SolutionConfigurationPlatforms) = preSolution
		Debug|x64 = Debug|x64
		Debug|x86 = Debug|x86
		Release|x64 = Release|x64
		Release|x86 = Release|x86
	EndGlobalSection
	GlobalSection(ProjectConfigurationPlatforms) = postSolution
		{843ED986-75E2-4E80-B0A9-B388A5B78B31}.Debug|x64.ActiveCfg = Debug|x64
		{843ED986-75E2-4E80-B0A9-B388A5B78B31}.Debug|x64.Build.0 = Debug|x64
		{843ED986-75E2-4E80-B0A9-B388A5B78B31}.Debug|x86.ActiveCfg = Debug|Win32
		{843ED986-75E2-4E80-B0A9-B388A5B78B31}.Debug|x86.Build.0 = Debug|Win32
		{843ED986-75E2-4E80-B0A9-B388A5B78B31}.Release|x64.ActiveCfg = Release|x64
		{843ED986-75E2-4E80-B0A9-B388A5B78B31}.Release|x64.Build.0 = Release|x64
		{843ED986-75E2-4E80-B0A9-B388A5B78B31}.Release|x86.ActiveCfg = Release|Win32
		{843ED986-75E2-4E80-B0A9-B388A5B78B31}.Release|x86.Build.0 = Release|Win32
	EndGlobalSection
	GlobalSection(SolutionProperties) = preSolution
		HideSolutionNode = FALSE
	EndGlobalSection
	GlobalSection(ExtensibilityGlobals) = postSolution
		SolutionGuid = {23370FE8-0E2F-4BFD-8982-90355098DA2D}
	EndGlobalSection
EndGlobal
